
Microsoft Visual Studio Solution File, Format Version 12.00
# Visual Studio Version 16
VisualStudioVersion = 16.0.31025.194
MinimumVisualStudioVersion = 10.0.40219.1
Project("{8BC9CEB8-8B4A-11D0-8D11-00A0C91BC942}") = "HelloWorld", "HelloWorld\HelloWorld.vcxproj", "{50CF5C9D-32B2-4AE2-950C-A0CCE00AE64B}"
EndProject
Project("{8BC9CEB8-8B4A-11D0-8D11-00A0C91BC942}") = "TextOutput", "TextOutput\TextOutput.vcxproj", "{92CB8B84-5821-4BA2-8669-DF1B4ABBABF4}"
EndProject
Project("{2150E333-8FDC-42A3-9474-1A3956D46DE8}") = "1 Getting Started", "1 Getting Started", "{3EFF7FE9-CF70-405A-8BDF-ED170F98F92D}"
EndProject
Project("{2150E333-8FDC-42A3-9474-1A3956D46DE8}") = "2 Basic Syntax", "2 Basic Syntax", "{510F84C7-C74F-43C8-ADA2-E0EA886F21B8}"
EndProject
Project("{8BC9CEB8-8B4A-11D0-8D11-00A0C91BC942}") = "Variables", "Variables\Variables.vcxproj", "{A95BC343-4E1F-440B-909D-C0AD0CEF36EE}"
EndProject
Project("{8BC9CEB8-8B4A-11D0-8D11-00A0C91BC942}") = "Strings", "Strings\Strings.vcxproj", "{3C1B2DE6-2760-40A1-A3CF-2616D4FBF380}"
EndProject
Project("{8BC9CEB8-8B4A-11D0-8D11-00A0C91BC942}") = "Input", "Input\Input.vcxproj", "{B1463B09-D3CE-4604-B06F-7579B1956135}"
EndProject
Project("{8BC9CEB8-8B4A-11D0-8D11-00A0C91BC942}") = "Integers", "Integers\Integers.vcxproj", "{D1FAE305-9B7F-46AD-876E-AD4B11D2B408}"
EndProject
Project("{8BC9CEB8-8B4A-11D0-8D11-00A0C91BC942}") = "FloatingPoint", "FloatingPoint\FloatingPoint.vcxproj", "{90D0DB4D-CF75-4344-A0C7-99E972C56597}"
EndProject
Project("{8BC9CEB8-8B4A-11D0-8D11-00A0C91BC942}") = "Other", "Other\Other.vcxproj", "{15C899F5-EC86-4111-BC5B-CC10EC3AACF1}"
EndProject
Project("{2150E333-8FDC-42A3-9474-1A3956D46DE8}") = "1 Types", "1 Types", "{E4CA3865-C289-4154-AE52-23E93431A806}"
EndProject
Project("{2150E333-8FDC-42A3-9474-1A3956D46DE8}") = "2 Control Structures", "2 Control Structures", "{D13B7E64-B4F1-4AED-A6DB-CE653C24CAB7}"
EndProject
Project("{2150E333-8FDC-42A3-9474-1A3956D46DE8}") = "3 Datasets", "3 Datasets", "{0EB26457-5530-459D-83C6-75FF3AA1307F}"
EndProject
Project("{2150E333-8FDC-42A3-9474-1A3956D46DE8}") = "3 Subroutines", "3 Subroutines", "{0F0CC3F7-EC21-441F-B9DB-FBF24C200991}"
EndProject
Project("{2150E333-8FDC-42A3-9474-1A3956D46DE8}") = "4 Object Oriented Coding", "4 Object Oriented Coding", "{D20BE5F3-9506-403E-A8DF-C27FFD5074D4}"
EndProject
Project("{2150E333-8FDC-42A3-9474-1A3956D46DE8}") = "5 Pointers and Memory", "5 Pointers and Memory", "{B6C6BE10-6B20-4BD5-B21D-F2E6E78D552B}"
EndProject
Project("{2150E333-8FDC-42A3-9474-1A3956D46DE8}") = "6 Inheritance", "6 Inheritance", "{1926469A-8189-4975-BF07-2CD5C9AF2EC2}"
EndProject
Project("{2150E333-8FDC-42A3-9474-1A3956D46DE8}") = "7 Odds and Ends", "7 Odds and Ends", "{DAD1D85B-524B-4D2F-B36A-DCFACA48F76F}"
EndProject
Project("{2150E333-8FDC-42A3-9474-1A3956D46DE8}") = "8 Particle Fire Simulation", "8 Particle Fire Simulation", "{9E9B156E-2E72-4C2D-8B53-80E4F4CA57A9}"
EndProject
Project("{2150E333-8FDC-42A3-9474-1A3956D46DE8}") = "9 Bonus", "9 Bonus", "{F33445EE-C67D-44E5-9E52-C536F283FA64}"
EndProject
Global
	GlobalSection(SolutionConfigurationPlatforms) = preSolution
		Debug|x64 = Debug|x64
		Debug|x86 = Debug|x86
		Release|x64 = Release|x64
		Release|x86 = Release|x86
	EndGlobalSection
	GlobalSection(ProjectConfigurationPlatforms) = postSolution
		{50CF5C9D-32B2-4AE2-950C-A0CCE00AE64B}.Debug|x64.ActiveCfg = Debug|x64
		{50CF5C9D-32B2-4AE2-950C-A0CCE00AE64B}.Debug|x64.Build.0 = Debug|x64
		{50CF5C9D-32B2-4AE2-950C-A0CCE00AE64B}.Debug|x86.ActiveCfg = Debug|Win32
		{50CF5C9D-32B2-4AE2-950C-A0CCE00AE64B}.Debug|x86.Build.0 = Debug|Win32
		{50CF5C9D-32B2-4AE2-950C-A0CCE00AE64B}.Release|x64.ActiveCfg = Release|x64
		{50CF5C9D-32B2-4AE2-950C-A0CCE00AE64B}.Release|x64.Build.0 = Release|x64
		{50CF5C9D-32B2-4AE2-950C-A0CCE00AE64B}.Release|x86.ActiveCfg = Release|Win32
		{50CF5C9D-32B2-4AE2-950C-A0CCE00AE64B}.Release|x86.Build.0 = Release|Win32
		{92CB8B84-5821-4BA2-8669-DF1B4ABBABF4}.Debug|x64.ActiveCfg = Debug|x64
		{92CB8B84-5821-4BA2-8669-DF1B4ABBABF4}.Debug|x64.Build.0 = Debug|x64
		{92CB8B84-5821-4BA2-8669-DF1B4ABBABF4}.Debug|x86.ActiveCfg = Debug|Win32
		{92CB8B84-5821-4BA2-8669-DF1B4ABBABF4}.Debug|x86.Build.0 = Debug|Win32
		{92CB8B84-5821-4BA2-8669-DF1B4ABBABF4}.Release|x64.ActiveCfg = Release|x64
		{92CB8B84-5821-4BA2-8669-DF1B4ABBABF4}.Release|x64.Build.0 = Release|x64
		{92CB8B84-5821-4BA2-8669-DF1B4ABBABF4}.Release|x86.ActiveCfg = Release|Win32
		{92CB8B84-5821-4BA2-8669-DF1B4ABBABF4}.Release|x86.Build.0 = Release|Win32
		{A95BC343-4E1F-440B-909D-C0AD0CEF36EE}.Debug|x64.ActiveCfg = Debug|x64
		{A95BC343-4E1F-440B-909D-C0AD0CEF36EE}.Debug|x64.Build.0 = Debug|x64
		{A95BC343-4E1F-440B-909D-C0AD0CEF36EE}.Debug|x86.ActiveCfg = Debug|Win32
		{A95BC343-4E1F-440B-909D-C0AD0CEF36EE}.Debug|x86.Build.0 = Debug|Win32
		{A95BC343-4E1F-440B-909D-C0AD0CEF36EE}.Release|x64.ActiveCfg = Release|x64
		{A95BC343-4E1F-440B-909D-C0AD0CEF36EE}.Release|x64.Build.0 = Release|x64
		{A95BC343-4E1F-440B-909D-C0AD0CEF36EE}.Release|x86.ActiveCfg = Release|Win32
		{A95BC343-4E1F-440B-909D-C0AD0CEF36EE}.Release|x86.Build.0 = Release|Win32
		{3C1B2DE6-2760-40A1-A3CF-2616D4FBF380}.Debug|x64.ActiveCfg = Debug|x64
		{3C1B2DE6-2760-40A1-A3CF-2616D4FBF380}.Debug|x64.Build.0 = Debug|x64
		{3C1B2DE6-2760-40A1-A3CF-2616D4FBF380}.Debug|x86.ActiveCfg = Debug|Win32
		{3C1B2DE6-2760-40A1-A3CF-2616D4FBF380}.Debug|x86.Build.0 = Debug|Win32
		{3C1B2DE6-2760-40A1-A3CF-2616D4FBF380}.Release|x64.ActiveCfg = Release|x64
		{3C1B2DE6-2760-40A1-A3CF-2616D4FBF380}.Release|x64.Build.0 = Release|x64
		{3C1B2DE6-2760-40A1-A3CF-2616D4FBF380}.Release|x86.ActiveCfg = Release|Win32
		{3C1B2DE6-2760-40A1-A3CF-2616D4FBF380}.Release|x86.Build.0 = Release|Win32
		{B1463B09-D3CE-4604-B06F-7579B1956135}.Debug|x64.ActiveCfg = Debug|x64
		{B1463B09-D3CE-4604-B06F-7579B1956135}.Debug|x64.Build.0 = Debug|x64
		{B1463B09-D3CE-4604-B06F-7579B1956135}.Debug|x86.ActiveCfg = Debug|Win32
		{B1463B09-D3CE-4604-B06F-7579B1956135}.Debug|x86.Build.0 = Debug|Win32
		{B1463B09-D3CE-4604-B06F-7579B1956135}.Release|x64.ActiveCfg = Release|x64
		{B1463B09-D3CE-4604-B06F-7579B1956135}.Release|x64.Build.0 = Release|x64
		{B1463B09-D3CE-4604-B06F-7579B1956135}.Release|x86.ActiveCfg = Release|Win32
		{B1463B09-D3CE-4604-B06F-7579B1956135}.Release|x86.Build.0 = Release|Win32
		{D1FAE305-9B7F-46AD-876E-AD4B11D2B408}.Debug|x64.ActiveCfg = Debug|x64
		{D1FAE305-9B7F-46AD-876E-AD4B11D2B408}.Debug|x64.Build.0 = Debug|x64
		{D1FAE305-9B7F-46AD-876E-AD4B11D2B408}.Debug|x86.ActiveCfg = Debug|Win32
		{D1FAE305-9B7F-46AD-876E-AD4B11D2B408}.Debug|x86.Build.0 = Debug|Win32
		{D1FAE305-9B7F-46AD-876E-AD4B11D2B408}.Release|x64.ActiveCfg = Release|x64
		{D1FAE305-9B7F-46AD-876E-AD4B11D2B408}.Release|x64.Build.0 = Release|x64
		{D1FAE305-9B7F-46AD-876E-AD4B11D2B408}.Release|x86.ActiveCfg = Release|Win32
		{D1FAE305-9B7F-46AD-876E-AD4B11D2B408}.Release|x86.Build.0 = Release|Win32
		{90D0DB4D-CF75-4344-A0C7-99E972C56597}.Debug|x64.ActiveCfg = Debug|x64
		{90D0DB4D-CF75-4344-A0C7-99E972C56597}.Debug|x64.Build.0 = Debug|x64
		{90D0DB4D-CF75-4344-A0C7-99E972C56597}.Debug|x86.ActiveCfg = Debug|Win32
		{90D0DB4D-CF75-4344-A0C7-99E972C56597}.Debug|x86.Build.0 = Debug|Win32
		{90D0DB4D-CF75-4344-A0C7-99E972C56597}.Release|x64.ActiveCfg = Release|x64
		{90D0DB4D-CF75-4344-A0C7-99E972C56597}.Release|x64.Build.0 = Release|x64
		{90D0DB4D-CF75-4344-A0C7-99E972C56597}.Release|x86.ActiveCfg = Release|Win32
		{90D0DB4D-CF75-4344-A0C7-99E972C56597}.Release|x86.Build.0 = Release|Win32
		{15C899F5-EC86-4111-BC5B-CC10EC3AACF1}.Debug|x64.ActiveCfg = Debug|x64
		{15C899F5-EC86-4111-BC5B-CC10EC3AACF1}.Debug|x64.Build.0 = Debug|x64
		{15C899F5-EC86-4111-BC5B-CC10EC3AACF1}.Debug|x86.ActiveCfg = Debug|Win32
		{15C899F5-EC86-4111-BC5B-CC10EC3AACF1}.Debug|x86.Build.0 = Debug|Win32
		{15C899F5-EC86-4111-BC5B-CC10EC3AACF1}.Release|x64.ActiveCfg = Release|x64
		{15C899F5-EC86-4111-BC5B-CC10EC3AACF1}.Release|x64.Build.0 = Release|x64
		{15C899F5-EC86-4111-BC5B-CC10EC3AACF1}.Release|x86.ActiveCfg = Release|Win32
		{15C899F5-EC86-4111-BC5B-CC10EC3AACF1}.Release|x86.Build.0 = Release|Win32
	EndGlobalSection
	GlobalSection(SolutionProperties) = preSolution
		HideSolutionNode = FALSE
	EndGlobalSection
	GlobalSection(NestedProjects) = preSolution
		{50CF5C9D-32B2-4AE2-950C-A0CCE00AE64B} = {3EFF7FE9-CF70-405A-8BDF-ED170F98F92D}
		{92CB8B84-5821-4BA2-8669-DF1B4ABBABF4} = {3EFF7FE9-CF70-405A-8BDF-ED170F98F92D}
		{A95BC343-4E1F-440B-909D-C0AD0CEF36EE} = {E4CA3865-C289-4154-AE52-23E93431A806}
		{3C1B2DE6-2760-40A1-A3CF-2616D4FBF380} = {E4CA3865-C289-4154-AE52-23E93431A806}
		{B1463B09-D3CE-4604-B06F-7579B1956135} = {E4CA3865-C289-4154-AE52-23E93431A806}
		{D1FAE305-9B7F-46AD-876E-AD4B11D2B408} = {E4CA3865-C289-4154-AE52-23E93431A806}
		{90D0DB4D-CF75-4344-A0C7-99E972C56597} = {E4CA3865-C289-4154-AE52-23E93431A806}
		{15C899F5-EC86-4111-BC5B-CC10EC3AACF1} = {E4CA3865-C289-4154-AE52-23E93431A806}
		{E4CA3865-C289-4154-AE52-23E93431A806} = {510F84C7-C74F-43C8-ADA2-E0EA886F21B8}
		{D13B7E64-B4F1-4AED-A6DB-CE653C24CAB7} = {510F84C7-C74F-43C8-ADA2-E0EA886F21B8}
		{0EB26457-5530-459D-83C6-75FF3AA1307F} = {510F84C7-C74F-43C8-ADA2-E0EA886F21B8}
	EndGlobalSection
	GlobalSection(ExtensibilityGlobals) = postSolution
		SolutionGuid = {A8081C63-7CC8-4427-AE69-FCBC8577D894}
	EndGlobalSection
EndGlobal
